
Microsoft Visual Studio Solution File, Format Version 12.00
# Visual Studio Version 16
VisualStudioVersion = 16.0.31410.357
MinimumVisualStudioVersion = 10.0.40219.1
Project("{FAE04EC0-301F-11D3-BF4B-00C04F79EFBC}") = "SkeletonLoaderDemo.Android", "SkeletonLoaderDemo\SkeletonLoaderDemo.Android\SkeletonLoaderDemo.Android.csproj", "{30F1D507-E44B-4341-8CC0-ED9D4AB67738}"
EndProject
Project("{FAE04EC0-301F-11D3-BF4B-00C04F79EFBC}") = "SkeletonLoaderDemo.iOS", "SkeletonLoaderDemo\SkeletonLoaderDemo.iOS\SkeletonLoaderDemo.iOS.csproj", "{7A3D9F41-8015-44AD-9E43-C64D80F349A8}"
EndProject
Project("{FAE04EC0-301F-11D3-BF4B-00C04F79EFBC}") = "SkeletonLoaderDemo", "SkeletonLoaderDemo\SkeletonLoaderDemo\SkeletonLoaderDemo.csproj", "{D863508A-993B-419C-B0B0-9564C85F2CCC}"
EndProject
Global
	GlobalSection(SolutionConfigurationPlatforms) = preSolution
		Debug|Any CPU = Debug|Any CPU
		Debug|iPhone = Debug|iPhone
		Debug|iPhoneSimulator = Debug|iPhoneSimulator
		Release|Any CPU = Release|Any CPU
		Release|iPhone = Release|iPhone
		Release|iPhoneSimulator = Release|iPhoneSimulator
	EndGlobalSection
	GlobalSection(ProjectConfigurationPlatforms) = postSolution
		{30F1D507-E44B-4341-8CC0-ED9D4AB67738}.Debug|Any CPU.ActiveCfg = Debug|Any CPU
		{30F1D507-E44B-4341-8CC0-ED9D4AB67738}.Debug|Any CPU.Build.0 = Debug|Any CPU
		{30F1D507-E44B-4341-8CC0-ED9D4AB67738}.Debug|Any CPU.Deploy.0 = Debug|Any CPU
		{30F1D507-E44B-4341-8CC0-ED9D4AB67738}.Debug|iPhone.ActiveCfg = Debug|Any CPU
		{30F1D507-E44B-4341-8CC0-ED9D4AB67738}.Debug|iPhone.Build.0 = Debug|Any CPU
		{30F1D507-E44B-4341-8CC0-ED9D4AB67738}.Debug|iPhone.Deploy.0 = Debug|Any CPU
		{30F1D507-E44B-4341-8CC0-ED9D4AB67738}.Debug|iPhoneSimulator.ActiveCfg = Debug|Any CPU
		{30F1D507-E44B-4341-8CC0-ED9D4AB67738}.Debug|iPhoneSimulator.Build.0 = Debug|Any CPU
		{30F1D507-E44B-4341-8CC0-ED9D4AB67738}.Debug|iPhoneSimulator.Deploy.0 = Debug|Any CPU
		{30F1D507-E44B-4341-8CC0-ED9D4AB67738}.Release|Any CPU.ActiveCfg = Release|Any CPU
		{30F1D507-E44B-4341-8CC0-ED9D4AB67738}.Release|Any CPU.Build.0 = Release|Any CPU
		{30F1D507-E44B-4341-8CC0-ED9D4AB67738}.Release|Any CPU.Deploy.0 = Release|Any CPU
		{30F1D507-E44B-4341-8CC0-ED9D4AB67738}.Release|iPhone.ActiveCfg = Release|Any CPU
		{30F1D507-E44B-4341-8CC0-ED9D4AB67738}.Release|iPhone.Build.0 = Release|Any CPU
		{30F1D507-E44B-4341-8CC0-ED9D4AB67738}.Release|iPhone.Deploy.0 = Release|Any CPU
		{30F1D507-E44B-4341-8CC0-ED9D4AB67738}.Release|iPhoneSimulator.ActiveCfg = Release|Any CPU
		{30F1D507-E44B-4341-8CC0-ED9D4AB67738}.Release|iPhoneSimulator.Build.0 = Release|Any CPU
		{30F1D507-E44B-4341-8CC0-ED9D4AB67738}.Release|iPhoneSimulator.Deploy.0 = Release|Any CPU
		{7A3D9F41-8015-44AD-9E43-C64D80F349A8}.Debug|Any CPU.ActiveCfg = Debug|iPhone
		{7A3D9F41-8015-44AD-9E43-C64D80F349A8}.Debug|Any CPU.Build.0 = Debug|iPhone
		{7A3D9F41-8015-44AD-9E43-C64D80F349A8}.Debug|Any CPU.Deploy.0 = Debug|iPhone
		{7A3D9F41-8015-44AD-9E43-C64D80F349A8}.Debug|iPhone.ActiveCfg = Debug|iPhone
		{7A3D9F41-8015-44AD-9E43-C64D80F349A8}.Debug|iPhone.Build.0 = Debug|iPhone
		{7A3D9F41-8015-44AD-9E43-C64D80F349A8}.Debug|iPhone.Deploy.0 = Debug|iPhone
		{7A3D9F41-8015-44AD-9E43-C64D80F349A8}.Debug|iPhoneSimulator.ActiveCfg = Debug|iPhoneSimulator
		{7A3D9F41-8015-44AD-9E43-C64D80F349A8}.Debug|iPhoneSimulator.Build.0 = Debug|iPhoneSimulator
		{7A3D9F41-8015-44AD-9E43-C64D80F349A8}.Debug|iPhoneSimulator.Deploy.0 = Debug|iPhoneSimulator
		{7A3D9F41-8015-44AD-9E43-C64D80F349A8}.Release|Any CPU.ActiveCfg = Release|iPhoneSimulator
		{7A3D9F41-8015-44AD-9E43-C64D80F349A8}.Release|Any CPU.Build.0 = Release|iPhoneSimulator
		{7A3D9F41-8015-44AD-9E43-C64D80F349A8}.Release|Any CPU.Deploy.0 = Release|iPhoneSimulator
		{7A3D9F41-8015-44AD-9E43-C64D80F349A8}.Release|iPhone.ActiveCfg = Release|iPhone
		{7A3D9F41-8015-44AD-9E43-C64D80F349A8}.Release|iPhone.Build.0 = Release|iPhone
		{7A3D9F41-8015-44AD-9E43-C64D80F349A8}.Release|iPhone.Deploy.0 = Release|iPhone
		{7A3D9F41-8015-44AD-9E43-C64D80F349A8}.Release|iPhoneSimulator.ActiveCfg = Release|iPhoneSimulator
		{7A3D9F41-8015-44AD-9E43-C64D80F349A8}.Release|iPhoneSimulator.Build.0 = Release|iPhoneSimulator
		{7A3D9F41-8015-44AD-9E43-C64D80F349A8}.Release|iPhoneSimulator.Deploy.0 = Release|iPhoneSimulator
		{D863508A-993B-419C-B0B0-9564C85F2CCC}.Debug|Any CPU.ActiveCfg = Debug|Any CPU
		{D863508A-993B-419C-B0B0-9564C85F2CCC}.Debug|Any CPU.Build.0 = Debug|Any CPU
		{D863508A-993B-419C-B0B0-9564C85F2CCC}.Debug|Any CPU.Deploy.0 = Debug|Any CPU
		{D863508A-993B-419C-B0B0-9564C85F2CCC}.Debug|iPhone.ActiveCfg = Debug|Any CPU
		{D863508A-993B-419C-B0B0-9564C85F2CCC}.Debug|iPhone.Build.0 = Debug|Any CPU
		{D863508A-993B-419C-B0B0-9564C85F2CCC}.Debug|iPhone.Deploy.0 = Debug|Any CPU
		{D863508A-993B-419C-B0B0-9564C85F2CCC}.Debug|iPhoneSimulator.ActiveCfg = Debug|Any CPU
		{D863508A-993B-419C-B0B0-9564C85F2CCC}.Debug|iPhoneSimulator.Build.0 = Debug|Any CPU
		{D863508A-993B-419C-B0B0-9564C85F2CCC}.Debug|iPhoneSimulator.Deploy.0 = Debug|Any CPU
		{D863508A-993B-419C-B0B0-9564C85F2CCC}.Release|Any CPU.ActiveCfg = Release|Any CPU
		{D863508A-993B-419C-B0B0-9564C85F2CCC}.Release|Any CPU.Build.0 = Release|Any CPU
		{D863508A-993B-419C-B0B0-9564C85F2CCC}.Release|Any CPU.Deploy.0 = Release|Any CPU
		{D863508A-993B-419C-B0B0-9564C85F2CCC}.Release|iPhone.ActiveCfg = Release|Any CPU
		{D863508A-993B-419C-B0B0-9564C85F2CCC}.Release|iPhone.Build.0 = Release|Any CPU
		{D863508A-993B-419C-B0B0-9564C85F2CCC}.Release|iPhone.Deploy.0 = Release|Any CPU
		{D863508A-993B-419C-B0B0-9564C85F2CCC}.Release|iPhoneSimulator.ActiveCfg = Release|Any CPU
		{D863508A-993B-419C-B0B0-9564C85F2CCC}.Release|iPhoneSimulator.Build.0 = Release|Any CPU
		{D863508A-993B-419C-B0B0-9564C85F2CCC}.Release|iPhoneSimulator.Deploy.0 = Release|Any CPU
	EndGlobalSection
	GlobalSection(SolutionProperties) = preSolution
		HideSolutionNode = FALSE
	EndGlobalSection
	GlobalSection(ExtensibilityGlobals) = postSolution
		SolutionGuid = {A5E73DDC-F6AC-43B3-A4A3-39544B3F32A5}
	EndGlobalSection
EndGlobal
